// !$*UTF8*$!
{
	archiveVersion = 1;
	classes = {
	};
	objectVersion = 50;
	objects = {

/* Begin PBXBuildFile section */
		A3385AB722477EE40097ACE3 /* AppDelegate.m in Sources */ = {isa = PBXBuildFile; fileRef = A3385AB622477EE40097ACE3 /* AppDelegate.m */; };
		A3385ABA22477EE40097ACE3 /* ViewController.m in Sources */ = {isa = PBXBuildFile; fileRef = A3385AB922477EE40097ACE3 /* ViewController.m */; };
		A3385ABC22477EE60097ACE3 /* Assets.xcassets in Resources */ = {isa = PBXBuildFile; fileRef = A3385ABB22477EE60097ACE3 /* Assets.xcassets */; };
		A3385ABF22477EE60097ACE3 /* Main.storyboard in Resources */ = {isa = PBXBuildFile; fileRef = A3385ABD22477EE60097ACE3 /* Main.storyboard */; };
		A3385AC222477EE60097ACE3 /* main.m in Sources */ = {isa = PBXBuildFile; fileRef = A3385AC122477EE60097ACE3 /* main.m */; };
		A3385ACD224790100097ACE3 /* PNGCompress in Resources */ = {isa = PBXBuildFile; fileRef = A3385ACA224790100097ACE3 /* PNGCompress */; };
		A3385ACE224790100097ACE3 /* pngquantWrapper in Resources */ = {isa = PBXBuildFile; fileRef = A3385ACB224790100097ACE3 /* pngquantWrapper */; };
		A3385ACF224790100097ACE3 /* pngquant in Resources */ = {isa = PBXBuildFile; fileRef = A3385ACC224790100097ACE3 /* pngquant */; };
		A3385AD32247A91E0097ACE3 /* AppleScriptKit.framework in Frameworks */ = {isa = PBXBuildFile; fileRef = A3385AD12247A91E0097ACE3 /* AppleScriptKit.framework */; };
		A3385AD42247A91E0097ACE3 /* AppleScriptObjC.framework in Frameworks */ = {isa = PBXBuildFile; fileRef = A3385AD22247A91E0097ACE3 /* AppleScriptObjC.framework */; };
/* End PBXBuildFile section */

/* Begin PBXFileReference section */
		A3385AB222477EE40097ACE3 /* ZFcompressImg.app */ = {isa = PBXFileReference; explicitFileType = wrapper.application; includeInIndex = 0; path = ZFcompressImg.app; sourceTree = BUILT_PRODUCTS_DIR; };
		A3385AB522477EE40097ACE3 /* AppDelegate.h */ = {isa = PBXFileReference; lastKnownFileType = sourcecode.c.h; path = AppDelegate.h; sourceTree = "<group>"; };
		A3385AB622477EE40097ACE3 /* AppDelegate.m */ = {isa = PBXFileReference; lastKnownFileType = sourcecode.c.objc; path = AppDelegate.m; sourceTree = "<group>"; };
		A3385AB822477EE40097ACE3 /* ViewController.h */ = {isa = PBXFileReference; lastKnownFileType = sourcecode.c.h; path = ViewController.h; sourceTree = "<group>"; };
		A3385AB922477EE40097ACE3 /* ViewController.m */ = {isa = PBXFileReference; lastKnownFileType = sourcecode.c.objc; path = ViewController.m; sourceTree = "<group>"; };
		A3385ABB22477EE60097ACE3 /* Assets.xcassets */ = {isa = PBXFileReference; lastKnownFileType = folder.assetcatalog; path = Assets.xcassets; sourceTree = "<group>"; };
		A3385ABE22477EE60097ACE3 /* Base */ = {isa = PBXFileReference; lastKnownFileType = file.storyboard; name = Base; path = Base.lproj/Main.storyboard; sourceTree = "<group>"; };
		A3385AC022477EE60097ACE3 /* Info.plist */ = {isa = PBXFileReference; lastKnownFileType = text.plist.xml; path = Info.plist; sourceTree = "<group>"; };
		A3385AC122477EE60097ACE3 /* main.m */ = {isa = PBXFileReference; lastKnownFileType = sourcecode.c.objc; path = main.m; sourceTree = "<group>"; };
		A3385AC322477EE60097ACE3 /* ZFcompressImg.entitlements */ = {isa = PBXFileReference; lastKnownFileType = text.plist.entitlements; path = ZFcompressImg.entitlements; sourceTree = "<group>"; };
		A3385ACA224790100097ACE3 /* PNGCompress */ = {isa = PBXFileReference; fileEncoding = 4; lastKnownFileType = text.script.sh; path = PNGCompress; sourceTree = "<group>"; };
		A3385ACB224790100097ACE3 /* pngquantWrapper */ = {isa = PBXFileReference; fileEncoding = 4; lastKnownFileType = text.script.sh; path = pngquantWrapper; sourceTree = "<group>"; };
		A3385ACC224790100097ACE3 /* pngquant */ = {isa = PBXFileReference; lastKnownFileType = "compiled.mach-o.executable"; path = pngquant; sourceTree = "<group>"; };
		A3385AD12247A91E0097ACE3 /* AppleScriptKit.framework */ = {isa = PBXFileReference; lastKnownFileType = wrapper.framework; name = AppleScriptKit.framework; path = System/Library/Frameworks/AppleScriptKit.framework; sourceTree = SDKROOT; };
		A3385AD22247A91E0097ACE3 /* AppleScriptObjC.framework */ = {isa = PBXFileReference; lastKnownFileType = wrapper.framework; name = AppleScriptObjC.framework; path = System/Library/Frameworks/AppleScriptObjC.framework; sourceTree = SDKROOT; };
/* End PBXFileReference section */

/* Begin PBXFrameworksBuildPhase section */
		A3385AAF22477EE40097ACE3 /* Frameworks */ = {
			isa = PBXFrameworksBuildPhase;
			buildActionMask = 2147483647;
			files = (
				A3385AD32247A91E0097ACE3 /* AppleScriptKit.framework in Frameworks */,
				A3385AD42247A91E0097ACE3 /* AppleScriptObjC.framework in Frameworks */,
			);
			runOnlyForDeploymentPostprocessing = 0;
		};
/* End PBXFrameworksBuildPhase section */

/* Begin PBXGroup section */
		A3385AA922477EE40097ACE3 = {
			isa = PBXGroup;
			children = (
				A3385AC9224790100097ACE3 /* Source */,
				A3385AB422477EE40097ACE3 /* ZFcompressImg */,
				A3385AB322477EE40097ACE3 /* Products */,
				A3385AD02247A91E0097ACE3 /* Frameworks */,
			);
			sourceTree = "<group>";
		};
		A3385AB322477EE40097ACE3 /* Products */ = {
			isa = PBXGroup;
			children = (
				A3385AB222477EE40097ACE3 /* ZFcompressImg.app */,
			);
			name = Products;
			sourceTree = "<group>";
		};
		A3385AB422477EE40097ACE3 /* ZFcompressImg */ = {
			isa = PBXGroup;
			children = (
				A3385AB522477EE40097ACE3 /* AppDelegate.h */,
				A3385AB622477EE40097ACE3 /* AppDelegate.m */,
				A3385AB822477EE40097ACE3 /* ViewController.h */,
				A3385AB922477EE40097ACE3 /* ViewController.m */,
				A3385ABB22477EE60097ACE3 /* Assets.xcassets */,
				A3385ABD22477EE60097ACE3 /* Main.storyboard */,
				A3385AC022477EE60097ACE3 /* Info.plist */,
				A3385AC122477EE60097ACE3 /* main.m */,
				A3385AC322477EE60097ACE3 /* ZFcompressImg.entitlements */,
			);
			path = ZFcompressImg;
			sourceTree = "<group>";
		};
		A3385AC9224790100097ACE3 /* Source */ = {
			isa = PBXGroup;
			children = (
				A3385ACA224790100097ACE3 /* PNGCompress */,
				A3385ACB224790100097ACE3 /* pngquantWrapper */,
				A3385ACC224790100097ACE3 /* pngquant */,
			);
			path = Source;
			sourceTree = "<group>";
		};
		A3385AD02247A91E0097ACE3 /* Frameworks */ = {
			isa = PBXGroup;
			children = (
				A3385AD12247A91E0097ACE3 /* AppleScriptKit.framework */,
				A3385AD22247A91E0097ACE3 /* AppleScriptObjC.framework */,
			);
			name = Frameworks;
			sourceTree = "<group>";
		};
/* End PBXGroup section */

/* Begin PBXNativeTarget section */
		A3385AB122477EE40097ACE3 /* ZFcompressImg */ = {
			isa = PBXNativeTarget;
			buildConfigurationList = A3385AC622477EE60097ACE3 /* Build configuration list for PBXNativeTarget "ZFcompressImg" */;
			buildPhases = (
				A3385AAE22477EE40097ACE3 /* Sources */,
				A3385AAF22477EE40097ACE3 /* Frameworks */,
				A3385AB022477EE40097ACE3 /* Resources */,
			);
			buildRules = (
			);
			dependencies = (
			);
			name = ZFcompressImg;
			productName = ZFcompressImg;
			productReference = A3385AB222477EE40097ACE3 /* ZFcompressImg.app */;
			productType = "com.apple.product-type.application";
		};
/* End PBXNativeTarget section */

/* Begin PBXProject section */
		A3385AAA22477EE40097ACE3 /* Project object */ = {
			isa = PBXProject;
			attributes = {
				LastUpgradeCheck = 1010;
				ORGANIZATIONNAME = Luke;
				TargetAttributes = {
					A3385AB122477EE40097ACE3 = {
						CreatedOnToolsVersion = 10.1;
						SystemCapabilities = {
							com.apple.ApplicationGroups.Mac = {
								enabled = 0;
							};
							com.apple.Sandbox = {
								enabled = 0;
							};
						};
					};
				};
			};
			buildConfigurationList = A3385AAD22477EE40097ACE3 /* Build configuration list for PBXProject "ZFcompressImg" */;
			compatibilityVersion = "Xcode 9.3";
			developmentRegion = en;
			hasScannedForEncodings = 0;
			knownRegions = (
				en,
				Base,
			);
			mainGroup = A3385AA922477EE40097ACE3;
			productRefGroup = A3385AB322477EE40097ACE3 /* Products */;
			projectDirPath = "";
			projectRoot = "";
			targets = (
				A3385AB122477EE40097ACE3 /* ZFcompressImg */,
			);
		};
/* End PBXProject section */

/* Begin PBXResourcesBuildPhase section */
		A3385AB022477EE40097ACE3 /* Resources */ = {
			isa = PBXResourcesBuildPhase;
			buildActionMask = 2147483647;
			files = (
				A3385ACD224790100097ACE3 /* PNGCompress in Resources */,
				A3385ABC22477EE60097ACE3 /* Assets.xcassets in Resources */,
				A3385ACE224790100097ACE3 /* pngquantWrapper in Resources */,
				A3385ACF224790100097ACE3 /* pngquant in Resources */,
				A3385ABF22477EE60097ACE3 /* Main.storyboard in Resources */,
			);
			runOnlyForDeploymentPostprocessing = 0;
		};
/* End PBXResourcesBuildPhase section */

/* Begin PBXSourcesBuildPhase section */
		A3385AAE22477EE40097ACE3 /* Sources */ = {
			isa = PBXSourcesBuildPhase;
			buildActionMask = 2147483647;
			files = (
				A3385ABA22477EE40097ACE3 /* ViewController.m in Sources */,
				A3385AC222477EE60097ACE3 /* main.m in Sources */,
				A3385AB722477EE40097ACE3 /* AppDelegate.m in Sources */,
			);
			runOnlyForDeploymentPostprocessing = 0;
		};
/* End PBXSourcesBuildPhase section */

/* Begin PBXVariantGroup section */
		A3385ABD22477EE60097ACE3 /* Main.storyboard */ = {
			isa = PBXVariantGroup;
			children = (
				A3385ABE22477EE60097ACE3 /* Base */,
			);
			name = Main.storyboard;
			sourceTree = "<group>";
		};
/* End PBXVariantGroup section */

/* Begin XCBuildConfiguration section */
		A3385AC422477EE60097ACE3 /* Debug */ = {
			isa = XCBuildConfiguration;
			buildSettings = {
				ALWAYS_SEARCH_USER_PATHS = NO;
				CLANG_ANALYZER_NONNULL = YES;
				CLANG_ANALYZER_NUMBER_OBJECT_CONVERSION = YES_AGGRESSIVE;
				CLANG_CXX_LANGUAGE_STANDARD = "gnu++14";
				CLANG_CXX_LIBRARY = "libc++";
				CLANG_ENABLE_MODULES = YES;
				CLANG_ENABLE_OBJC_ARC = YES;
				CLANG_ENABLE_OBJC_WEAK = YES;
				CLANG_WARN_BLOCK_CAPTURE_AUTORELEASING = YES;
				CLANG_WARN_BOOL_CONVERSION = YES;
				CLANG_WARN_COMMA = YES;
				CLANG_WARN_CONSTANT_CONVERSION = YES;
				CLANG_WARN_DEPRECATED_OBJC_IMPLEMENTATIONS = YES;
				CLANG_WARN_DIRECT_OBJC_ISA_USAGE = YES_ERROR;
				CLANG_WARN_DOCUMENTATION_COMMENTS = YES;
				CLANG_WARN_EMPTY_BODY = YES;
				CLANG_WARN_ENUM_CONVERSION = YES;
				CLANG_WARN_INFINITE_RECURSION = YES;
				CLANG_WARN_INT_CONVERSION = YES;
				CLANG_WARN_NON_LITERAL_NULL_CONVERSION = YES;
				CLANG_WARN_OBJC_IMPLICIT_RETAIN_SELF = YES;
				CLANG_WARN_OBJC_LITERAL_CONVERSION = YES;
				CLANG_WARN_OBJC_ROOT_CLASS = YES_ERROR;
				CLANG_WARN_RANGE_LOOP_ANALYSIS = YES;
				CLANG_WARN_STRICT_PROTOTYPES = YES;
				CLANG_WARN_SUSPICIOUS_MOVE = YES;
				CLANG_WARN_UNGUARDED_AVAILABILITY = YES_AGGRESSIVE;
				CLANG_WARN_UNREACHABLE_CODE = YES;
				CLANG_WARN__DUPLICATE_METHOD_MATCH = YES;
				CODE_SIGN_IDENTITY = "Mac Developer";
				COPY_PHASE_STRIP = NO;
				DEBUG_INFORMATION_FORMAT = dwarf;
				ENABLE_STRICT_OBJC_MSGSEND = YES;
				ENABLE_TESTABILITY = YES;
				GCC_C_LANGUAGE_STANDARD = gnu11;
				GCC_DYNAMIC_NO_PIC = NO;
				GCC_NO_COMMON_BLOCKS = YES;
				GCC_OPTIMIZATION_LEVEL = 0;
				GCC_PREPROCESSOR_DEFINITIONS = (
					"DEBUG=1",
					"$(inherited)",
				);
				GCC_WARN_64_TO_32_BIT_CONVERSION = YES;
				GCC_WARN_ABOUT_RETURN_TYPE = YES_ERROR;
				GCC_WARN_UNDECLARED_SELECTOR = YES;
				GCC_WARN_UNINITIALIZED_AUTOS = YES_AGGRESSIVE;
				GCC_WARN_UNUSED_FUNCTION = YES;
				GCC_WARN_UNUSED_VARIABLE = YES;
				MACOSX_DEPLOYMENT_TARGET = 10.10;
				MTL_ENABLE_DEBUG_INFO = INCLUDE_SOURCE;
				MTL_FAST_MATH = YES;
				ONLY_ACTIVE_ARCH = YES;
				SDKROOT = macosx;
			};
			name = Debug;
		};
		A3385AC522477EE60097ACE3 /* Release */ = {
			isa = XCBuildConfiguration;
			buildSettings = {
				ALWAYS_SEARCH_USER_PATHS = NO;
				CLANG_ANALYZER_NONNULL = YES;
				CLANG_ANALYZER_NUMBER_OBJECT_CONVERSION = YES_AGGRESSIVE;
				CLANG_CXX_LANGUAGE_STANDARD = "gnu++14";
				CLANG_CXX_LIBRARY = "libc++";
				CLANG_ENABLE_MODULES = YES;
				CLANG_ENABLE_OBJC_ARC = YES;
				CLANG_ENABLE_OBJC_WEAK = YES;
				CLANG_WARN_BLOCK_CAPTURE_AUTORELEASING = YES;
				CLANG_WARN_BOOL_CONVERSION = YES;
				CLANG_WARN_COMMA = YES;
				CLANG_WARN_CONSTANT_CONVERSION = YES;
				CLANG_WARN_DEPRECATED_OBJC_IMPLEMENTATIONS = YES;
				CLANG_WARN_DIRECT_OBJC_ISA_USAGE = YES_ERROR;
				CLANG_WARN_DOCUMENTATION_COMMENTS = YES;
				CLANG_WARN_EMPTY_BODY = YES;
				CLANG_WARN_ENUM_CONVERSION = YES;
				CLANG_WARN_INFINITE_RECURSION = YES;
				CLANG_WARN_INT_CONVERSION = YES;
				CLANG_WARN_NON_LITERAL_NULL_CONVERSION = YES;
				CLANG_WARN_OBJC_IMPLICIT_RETAIN_SELF = YES;
				CLANG_WARN_OBJC_LITERAL_CONVERSION = YES;
				CLANG_WARN_OBJC_ROOT_CLASS = YES_ERROR;
				CLANG_WARN_RANGE_LOOP_ANALYSIS = YES;
				CLANG_WARN_STRICT_PROTOTYPES = YES;
				CLANG_WARN_SUSPICIOUS_MOVE = YES;
				CLANG_WARN_UNGUARDED_AVAILABILITY = YES_AGGRESSIVE;
				CLANG_WARN_UNREACHABLE_CODE = YES;
				CLANG_WARN__DUPLICATE_METHOD_MATCH = YES;
				CODE_SIGN_IDENTITY = "Mac Developer";
				COPY_PHASE_STRIP = NO;
				DEBUG_INFORMATION_FORMAT = "dwarf-with-dsym";
				ENABLE_NS_ASSERTIONS = NO;
				ENABLE_STRICT_OBJC_MSGSEND = YES;
				GCC_C_LANGUAGE_STANDARD = gnu11;
				GCC_NO_COMMON_BLOCKS = YES;
				GCC_WARN_64_TO_32_BIT_CONVERSION = YES;
				GCC_WARN_ABOUT_RETURN_TYPE = YES_ERROR;
				GCC_WARN_UNDECLARED_SELECTOR = YES;
				GCC_WARN_UNINITIALIZED_AUTOS = YES_AGGRESSIVE;
				GCC_WARN_UNUSED_FUNCTION = YES;
				GCC_WARN_UNUSED_VARIABLE = YES;
				MACOSX_DEPLOYMENT_TARGET = 10.10;
				MTL_ENABLE_DEBUG_INFO = NO;
				MTL_FAST_MATH = YES;
				SDKROOT = macosx;
			};
			name = Release;
		};
		A3385AC722477EE60097ACE3 /* Debug */ = {
			isa = XCBuildConfiguration;
			buildSettings = {
				ASSETCATALOG_COMPILER_APPICON_NAME = AppIcon;
				CODE_SIGN_ENTITLEMENTS = ZFcompressImg/ZFcompressImg.entitlements;
				CODE_SIGN_IDENTITY = "Mac Developer";
				CODE_SIGN_STYLE = Manual;
				COMBINE_HIDPI_IMAGES = YES;
				DEVELOPMENT_TEAM = P8FFNR95EQ;
				INFOPLIST_FILE = ZFcompressImg/Info.plist;
				LD_RUNPATH_SEARCH_PATHS = (
					"$(inherited)",
					"@executable_path/../Frameworks",
				);
				MACOSX_DEPLOYMENT_TARGET = 10.10;
				PRODUCT_BUNDLE_IDENTIFIER = com.test.luke;
				PRODUCT_NAME = "$(TARGET_NAME)";
				PROVISIONING_PROFILE_SPECIFIER = "";
			};
			name = Debug;
		};
		A3385AC822477EE60097ACE3 /* Release */ = {
			isa = XCBuildConfiguration;
			buildSettings = {
				ASSETCATALOG_COMPILER_APPICON_NAME = AppIcon;
				CODE_SIGN_ENTITLEMENTS = ZFcompressImg/ZFcompressImg.entitlements;
				CODE_SIGN_IDENTITY = "Mac Developer";
				CODE_SIGN_STYLE = Manual;
				COMBINE_HIDPI_IMAGES = YES;
				DEVELOPMENT_TEAM = P8FFNR95EQ;
				INFOPLIST_FILE = ZFcompressImg/Info.plist;
				LD_RUNPATH_SEARCH_PATHS = (
					"$(inherited)",
					"@executable_path/../Frameworks",
				);
				MACOSX_DEPLOYMENT_TARGET = 10.10;
				PRODUCT_BUNDLE_IDENTIFIER = com.test.luke;
				PRODUCT_NAME = "$(TARGET_NAME)";
				PROVISIONING_PROFILE_SPECIFIER = "";
			};
			name = Release;
		};
/* End XCBuildConfiguration section */

/* Begin XCConfigurationList section */
		A3385AAD22477EE40097ACE3 /* Build configuration list for PBXProject "ZFcompressImg" */ = {
			isa = XCConfigurationList;
			buildConfigurations = (
				A3385AC422477EE60097ACE3 /* Debug */,
				A3385AC522477EE60097ACE3 /* Release */,
			);
			defaultConfigurationIsVisible = 0;
			defaultConfigurationName = Release;
		};
		A3385AC622477EE60097ACE3 /* Build configuration list for PBXNativeTarget "ZFcompressImg" */ = {
			isa = XCConfigurationList;
			buildConfigurations = (
				A3385AC722477EE60097ACE3 /* Debug */,
				A3385AC822477EE60097ACE3 /* Release */,
			);
			defaultConfigurationIsVisible = 0;
			defaultConfigurationName = Release;
		};
/* End XCConfigurationList section */
	};
	rootObject = A3385AAA22477EE40097ACE3 /* Project object */;
}
